
Microsoft Visual Studio Solution File, Format Version 12.00
# Visual Studio 14
VisualStudioVersion = 14.0.24720.0
MinimumVisualStudioVersion = 10.0.40219.1
Project("{FAE04EC0-301F-11D3-BF4B-00C04F79EFBC}") = "Octoposh.Frontend", "Octoposh.Frontend\Octoposh.Frontend.csproj", "{2D50737E-9A69-4D7E-A311-8E245025DB32}"
EndProject
Project("{2150E333-8FDC-42A3-9474-1A3956D46DE8}") = "Tests", "Tests", "{3BED1BBE-5C29-4D18-9867-BC5DE257F9E4}"
EndProject
Project("{FAE04EC0-301F-11D3-BF4B-00C04F79EFBC}") = "Octoposh.Frontend.Tests", "Octoposh.Frontend.Tests\Octoposh.Frontend.Tests.csproj", "{070770EF-0AE9-4514-A63B-E5EEA4839265}"
EndProject
Project("{FAE04EC0-301F-11D3-BF4B-00C04F79EFBC}") = "Octoposh.Client", "Octoposh.Client\Octoposh.Client.csproj", "{A24197F0-79A9-4EF1-AA1B-3CCF68F87685}"
EndProject
Project("{FAE04EC0-301F-11D3-BF4B-00C04F79EFBC}") = "TestConsole", "TestConsole\TestConsole.csproj", "{17C0E8A7-DF9B-411B-B623-A11595C9F10E}"
EndProject
Global
	GlobalSection(SolutionConfigurationPlatforms) = preSolution
		Debug|Any CPU = Debug|Any CPU
		Release|Any CPU = Release|Any CPU
	EndGlobalSection
	GlobalSection(ProjectConfigurationPlatforms) = postSolution
		{2D50737E-9A69-4D7E-A311-8E245025DB32}.Debug|Any CPU.ActiveCfg = Debug|Any CPU
		{2D50737E-9A69-4D7E-A311-8E245025DB32}.Debug|Any CPU.Build.0 = Debug|Any CPU
		{2D50737E-9A69-4D7E-A311-8E245025DB32}.Release|Any CPU.ActiveCfg = Release|Any CPU
		{2D50737E-9A69-4D7E-A311-8E245025DB32}.Release|Any CPU.Build.0 = Release|Any CPU
		{070770EF-0AE9-4514-A63B-E5EEA4839265}.Debug|Any CPU.ActiveCfg = Debug|Any CPU
		{070770EF-0AE9-4514-A63B-E5EEA4839265}.Debug|Any CPU.Build.0 = Debug|Any CPU
		{070770EF-0AE9-4514-A63B-E5EEA4839265}.Release|Any CPU.ActiveCfg = Release|Any CPU
		{070770EF-0AE9-4514-A63B-E5EEA4839265}.Release|Any CPU.Build.0 = Release|Any CPU
		{A24197F0-79A9-4EF1-AA1B-3CCF68F87685}.Debug|Any CPU.ActiveCfg = Debug|Any CPU
		{A24197F0-79A9-4EF1-AA1B-3CCF68F87685}.Debug|Any CPU.Build.0 = Debug|Any CPU
		{A24197F0-79A9-4EF1-AA1B-3CCF68F87685}.Release|Any CPU.ActiveCfg = Release|Any CPU
		{A24197F0-79A9-4EF1-AA1B-3CCF68F87685}.Release|Any CPU.Build.0 = Release|Any CPU
		{17C0E8A7-DF9B-411B-B623-A11595C9F10E}.Debug|Any CPU.ActiveCfg = Debug|Any CPU
		{17C0E8A7-DF9B-411B-B623-A11595C9F10E}.Debug|Any CPU.Build.0 = Debug|Any CPU
		{17C0E8A7-DF9B-411B-B623-A11595C9F10E}.Release|Any CPU.ActiveCfg = Release|Any CPU
		{17C0E8A7-DF9B-411B-B623-A11595C9F10E}.Release|Any CPU.Build.0 = Release|Any CPU
	EndGlobalSection
	GlobalSection(SolutionProperties) = preSolution
		HideSolutionNode = FALSE
	EndGlobalSection
	GlobalSection(NestedProjects) = preSolution
		{070770EF-0AE9-4514-A63B-E5EEA4839265} = {3BED1BBE-5C29-4D18-9867-BC5DE257F9E4}
	EndGlobalSection
EndGlobal
